[root]
name = "wires"
version = "0.0.1"
dependencies = [
 "argparse 0.1.0 (git+http://github.com/tailhook/rust-argparse.git)",
 "getopts 0.1.4 (registry+https://github.com/rust-lang/crates.io-index)",
 "hyper 0.1.1 (git+https://github.com/servo/hyper?branch=old_servo_new_cookies)",
 "log 0.1.9 (registry+https://github.com/rust-lang/crates.io-index)",
 "mozprofile 0.0.1",
 "mozrunner 0.0.1",
 "rustc-serialize 0.2.7 (registry+https://github.com/rust-lang/crates.io-index)",
 "uuid 0.1.7 (registry+https://github.com/rust-lang/crates.io-index)",
 "webdriver 0.0.1",
]

[[package]]
name = "argparse"
version = "0.1.0"
source = "git+http://github.com/tailhook/rust-argparse.git#5b166ce6217eaa65d2a08137373e3d9897259bb0"

[[package]]
name = "cookie"
version = "0.1.8"
source = "git+https://github.com/servo/cookie-rs?branch=lenientparse_backport#47ffa4d3c6f85d28f222d6e1d54635fff5622ea3"
dependencies = [
 "openssl 0.2.15 (registry+https://github.com/rust-lang/crates.io-index)",
 "rustc-serialize 0.2.7 (registry+https://github.com/rust-lang/crates.io-index)",
 "time 0.1.12 (registry+https://github.com/rust-lang/crates.io-index)",
 "url 0.2.16 (registry+https://github.com/rust-lang/crates.io-index)",
]

[[package]]
name = "gcc"
version = "0.1.4"
source = "registry+https://github.com/rust-lang/crates.io-index"

[[package]]
name = "getopts"
version = "0.1.4"
source = "registry+https://github.com/rust-lang/crates.io-index"

[[package]]
name = "hyper"
version = "0.1.1"
source = "git+https://github.com/servo/hyper?branch=old_servo_new_cookies#7a346f481d683705709526594aa5f13b5c923bc1"
dependencies = [
 "cookie 0.1.8 (git+https://github.com/servo/cookie-rs?branch=lenientparse_backport)",
 "log 0.1.9 (registry+https://github.com/rust-lang/crates.io-index)",
 "mime 0.0.6 (registry+https://github.com/rust-lang/crates.io-index)",
 "mucell 0.1.10 (registry+https://github.com/rust-lang/crates.io-index)",
 "openssl 0.2.15 (registry+https://github.com/rust-lang/crates.io-index)",
 "rustc-serialize 0.2.7 (registry+https://github.com/rust-lang/crates.io-index)",
 "time 0.1.12 (registry+https://github.com/rust-lang/crates.io-index)",
 "unicase 0.0.2 (registry+https://github.com/rust-lang/crates.io-index)",
 "unsafe-any 0.2.1 (registry+https://github.com/rust-lang/crates.io-index)",
 "url 0.2.16 (registry+https://github.com/rust-lang/crates.io-index)",
]

[[package]]
name = "libressl-pnacl-sys"
version = "2.1.0"
source = "registry+https://github.com/rust-lang/crates.io-index"
dependencies = [
 "pnacl-build-helper 1.0.0 (registry+https://github.com/rust-lang/crates.io-index)",
]

[[package]]
name = "log"
version = "0.1.9"
source = "registry+https://github.com/rust-lang/crates.io-index"
dependencies = [
 "regex 0.1.10 (registry+https://github.com/rust-lang/crates.io-index)",
]

[[package]]
name = "matches"
version = "0.1.2"
source = "registry+https://github.com/rust-lang/crates.io-index"

[[package]]
name = "mime"
version = "0.0.6"
source = "registry+https://github.com/rust-lang/crates.io-index"
dependencies = [
 "log 0.1.9 (registry+https://github.com/rust-lang/crates.io-index)",
]

[[package]]
name = "mozprofile"
version = "0.0.1"
source = "git+https://github.com/jgraham/rust_mozprofile.git?master#a44bb9d227d74c1871b9f544d4b0bbbff6d96db2"

[[package]]
name = "mozrunner"
version = "0.0.1"
source = "git+https://github.com/jgraham/rust_mozrunner.git?master#b95f7e45e8df5eb5059069186cdfcbc082ee9e10"
dependencies = [
 "mozprofile 0.0.1",
]

[[package]]
name = "mucell"
version = "0.1.10"
source = "registry+https://github.com/rust-lang/crates.io-index"

[[package]]
name = "openssl"
version = "0.2.15"
source = "registry+https://github.com/rust-lang/crates.io-index"
dependencies = [
 "openssl-sys 0.2.15 (registry+https://github.com/rust-lang/crates.io-index)",
]

[[package]]
name = "openssl-sys"
version = "0.2.15"
source = "registry+https://github.com/rust-lang/crates.io-index"
dependencies = [
 "libressl-pnacl-sys 2.1.0 (registry+https://github.com/rust-lang/crates.io-index)",
 "pkg-config 0.1.1 (registry+https://github.com/rust-lang/crates.io-index)",
]

[[package]]
name = "pkg-config"
version = "0.1.1"
source = "registry+https://github.com/rust-lang/crates.io-index"

[[package]]
name = "pnacl-build-helper"
version = "1.0.0"
source = "registry+https://github.com/rust-lang/crates.io-index"

[[package]]
name = "regex"
version = "0.1.10"
source = "registry+https://github.com/rust-lang/crates.io-index"

[[package]]
name = "rustc-serialize"
version = "0.2.7"
source = "registry+https://github.com/rust-lang/crates.io-index"

[[package]]
name = "time"
version = "0.1.12"
source = "registry+https://github.com/rust-lang/crates.io-index"
dependencies = [
 "gcc 0.1.4 (registry+https://github.com/rust-lang/crates.io-index)",
]

[[package]]
name = "unicase"
version = "0.0.2"
source = "registry+https://github.com/rust-lang/crates.io-index"

[[package]]
name = "unsafe-any"
version = "0.2.1"
source = "registry+https://github.com/rust-lang/crates.io-index"

[[package]]
name = "url"
version = "0.2.16"
source = "registry+https://github.com/rust-lang/crates.io-index"
dependencies = [
 "matches 0.1.2 (registry+https://github.com/rust-lang/crates.io-index)",
 "rustc-serialize 0.2.7 (registry+https://github.com/rust-lang/crates.io-index)",
]

[[package]]
name = "uuid"
version = "0.1.7"
source = "registry+https://github.com/rust-lang/crates.io-index"
dependencies = [
 "rustc-serialize 0.2.7 (registry+https://github.com/rust-lang/crates.io-index)",
]

[[package]]
name = "webdriver"
version = "0.0.1"
source = "git+https://github.com/jgraham/webdriver-rust.git?master#2d85826105886a478114a9ea7b2914bef91ba014"
dependencies = [
 "hyper 0.1.1 (git+https://github.com/servo/hyper?branch=old_servo_new_cookies)",
 "log 0.1.9 (registry+https://github.com/rust-lang/crates.io-index)",
 "rustc-serialize 0.2.7 (registry+https://github.com/rust-lang/crates.io-index)",
 "uuid 0.1.7 (registry+https://github.com/rust-lang/crates.io-index)",
]

